// !$*UTF8*$!
{
	archiveVersion = 1;
	classes = {
	};
	objectVersion = 46;
	objects = {

/* Begin PBXBuildFile section */
		9B4B0D381B1AEEB6009F6DD2 /* rapid-test.cpp in Sources */ = {isa = PBXBuildFile; fileRef = 9B4B0D371B1AEEB5009F6DD2 /* rapid-test.cpp */; };
		9B4B0D3A1B1AEF4D009F6DD2 /* librapid.a in Frameworks */ = {isa = PBXBuildFile; fileRef = 9B4B0D391B1AEF4D009F6DD2 /* librapid.a */; };
/* End PBXBuildFile section */

/* Begin PBXCopyFilesBuildPhase section */
		9B4B0D261B1AEBB0009F6DD2 /* CopyFiles */ = {
			isa = PBXCopyFilesBuildPhase;
			buildActionMask = 2147483647;
			dstPath = /usr/share/man/man1/;
			dstSubfolderSpec = 0;
			files = (
			);
			runOnlyForDeploymentPostprocessing = 1;
		};
/* End PBXCopyFilesBuildPhase section */

/* Begin PBXFileReference section */
		9B4B0D281B1AEBB0009F6DD2 /* rapid-test */ = {isa = PBXFileReference; explicitFileType = "compiled.mach-o.executable"; includeInIndex = 0; path = "rapid-test"; sourceTree = BUILT_PRODUCTS_DIR; };
		9B4B0D371B1AEEB5009F6DD2 /* rapid-test.cpp */ = {isa = PBXFileReference; fileEncoding = 4; lastKnownFileType = sourcecode.cpp.cpp; path = "rapid-test.cpp"; sourceTree = "<group>"; };
		9B4B0D391B1AEF4D009F6DD2 /* librapid.a */ = {isa = PBXFileReference; lastKnownFileType = archive.ar; name = librapid.a; path = build/Debug/librapid.a; sourceTree = "<group>"; };
/* End PBXFileReference section */

/* Begin PBXFrameworksBuildPhase section */
		9B4B0D251B1AEBB0009F6DD2 /* Frameworks */ = {
			isa = PBXFrameworksBuildPhase;
			buildActionMask = 2147483647;
			files = (
				9B4B0D3A1B1AEF4D009F6DD2 /* librapid.a in Frameworks */,
			);
			runOnlyForDeploymentPostprocessing = 0;
		};
/* End PBXFrameworksBuildPhase section */

/* Begin PBXGroup section */
		9B4B0D1F1B1AEBB0009F6DD2 = {
			isa = PBXGroup;
			children = (
				9B4B0D391B1AEF4D009F6DD2 /* librapid.a */,
				9B4B0D361B1AEEB5009F6DD2 /* test */,
				9B4B0D291B1AEBB0009F6DD2 /* Products */,
			);
			sourceTree = "<group>";
		};
		9B4B0D291B1AEBB0009F6DD2 /* Products */ = {
			isa = PBXGroup;
			children = (
				9B4B0D281B1AEBB0009F6DD2 /* rapid-test */,
			);
			name = Products;
			sourceTree = "<group>";
		};
		9B4B0D361B1AEEB5009F6DD2 /* test */ = {
			isa = PBXGroup;
			children = (
				9B4B0D371B1AEEB5009F6DD2 /* rapid-test.cpp */,
			);
			name = test;
			path = ../../test;
			sourceTree = "<group>";
		};
/* End PBXGroup section */

/* Begin PBXNativeTarget section */
		9B4B0D271B1AEBB0009F6DD2 /* rapid-test */ = {
			isa = PBXNativeTarget;
			buildConfigurationList = 9B4B0D2F1B1AEBB0009F6DD2 /* Build configuration list for PBXNativeTarget "rapid-test" */;
			buildPhases = (
				9B4B0D241B1AEBB0009F6DD2 /* Sources */,
				9B4B0D251B1AEBB0009F6DD2 /* Frameworks */,
				9B4B0D261B1AEBB0009F6DD2 /* CopyFiles */,
			);
			buildRules = (
			);
			dependencies = (
			);
			name = "rapid-test";
			productName = "rapid-test";
			productReference = 9B4B0D281B1AEBB0009F6DD2 /* rapid-test */;
			productType = "com.apple.product-type.tool";
		};
/* End PBXNativeTarget section */

/* Begin PBXProject section */
		9B4B0D201B1AEBB0009F6DD2 /* Project object */ = {
			isa = PBXProject;
			attributes = {
				LastUpgradeCheck = 0630;
				ORGANIZATIONNAME = yagihiro.net;
				TargetAttributes = {
					9B4B0D271B1AEBB0009F6DD2 = {
						CreatedOnToolsVersion = 6.3.2;
					};
				};
			};
			buildConfigurationList = 9B4B0D231B1AEBB0009F6DD2 /* Build configuration list for PBXProject "rapid-test" */;
			compatibilityVersion = "Xcode 3.2";
			developmentRegion = English;
			hasScannedForEncodings = 0;
			knownRegions = (
				en,
			);
			mainGroup = 9B4B0D1F1B1AEBB0009F6DD2;
			productRefGroup = 9B4B0D291B1AEBB0009F6DD2 /* Products */;
			projectDirPath = "";
			projectRoot = "";
			targets = (
				9B4B0D271B1AEBB0009F6DD2 /* rapid-test */,
			);
		};
/* End PBXProject section */

/* Begin PBXSourcesBuildPhase section */
		9B4B0D241B1AEBB0009F6DD2 /* Sources */ = {
			isa = PBXSourcesBuildPhase;
			buildActionMask = 2147483647;
			files = (
				9B4B0D381B1AEEB6009F6DD2 /* rapid-test.cpp in Sources */,
			);
			runOnlyForDeploymentPostprocessing = 0;
		};
/* End PBXSourcesBuildPhase section */

/* Begin XCBuildConfiguration section */
		9B4B0D2D1B1AEBB0009F6DD2 /* Debug */ = {
			isa = XCBuildConfiguration;
			buildSettings = {
				ALWAYS_SEARCH_USER_PATHS = NO;
				CLANG_CXX_LANGUAGE_STANDARD = "gnu++0x";
				CLANG_CXX_LIBRARY = "libc++";
				CLANG_ENABLE_MODULES = YES;
				CLANG_ENABLE_OBJC_ARC = YES;
				CLANG_WARN_BOOL_CONVERSION = YES;
				CLANG_WARN_CONSTANT_CONVERSION = YES;
				CLANG_WARN_DIRECT_OBJC_ISA_USAGE = YES_ERROR;
				CLANG_WARN_EMPTY_BODY = YES;
				CLANG_WARN_ENUM_CONVERSION = YES;
				CLANG_WARN_INT_CONVERSION = YES;
				CLANG_WARN_OBJC_ROOT_CLASS = YES_ERROR;
				CLANG_WARN_UNREACHABLE_CODE = YES;
				CLANG_WARN__DUPLICATE_METHOD_MATCH = YES;
				COPY_PHASE_STRIP = NO;
				DEBUG_INFORMATION_FORMAT = dwarf;
				ENABLE_STRICT_OBJC_MSGSEND = YES;
				GCC_C_LANGUAGE_STANDARD = gnu99;
				GCC_DYNAMIC_NO_PIC = NO;
				GCC_NO_COMMON_BLOCKS = YES;
				GCC_OPTIMIZATION_LEVEL = 0;
				GCC_PREPROCESSOR_DEFINITIONS = (
					"DEBUG=1",
					"$(inherited)",
				);
				GCC_SYMBOLS_PRIVATE_EXTERN = NO;
				GCC_WARN_64_TO_32_BIT_CONVERSION = YES;
				GCC_WARN_ABOUT_RETURN_TYPE = YES_ERROR;
				GCC_WARN_UNDECLARED_SELECTOR = YES;
				GCC_WARN_UNINITIALIZED_AUTOS = YES_AGGRESSIVE;
				GCC_WARN_UNUSED_FUNCTION = YES;
				GCC_WARN_UNUSED_VARIABLE = YES;
				HEADER_SEARCH_PATHS = (
					"$(inherited)",
					/Applications/Xcode.app/Contents/Developer/Toolchains/XcodeDefault.xctoolchain/usr/include,
					"$(SRCROOT)/../../include",
				);
				MACOSX_DEPLOYMENT_TARGET = 10.10;
				MTL_ENABLE_DEBUG_INFO = YES;
				ONLY_ACTIVE_ARCH = YES;
				SDKROOT = macosx;
			};
			name = Debug;
		};
		9B4B0D2E1B1AEBB0009F6DD2 /* Release */ = {
			isa = XCBuildConfiguration;
			buildSettings = {
				ALWAYS_SEARCH_USER_PATHS = NO;
				CLANG_CXX_LANGUAGE_STANDARD = "gnu++0x";
				CLANG_CXX_LIBRARY = "libc++";
				CLANG_ENABLE_MODULES = YES;
				CLANG_ENABLE_OBJC_ARC = YES;
				CLANG_WARN_BOOL_CONVERSION = YES;
				CLANG_WARN_CONSTANT_CONVERSION = YES;
				CLANG_WARN_DIRECT_OBJC_ISA_USAGE = YES_ERROR;
				CLANG_WARN_EMPTY_BODY = YES;
				CLANG_WARN_ENUM_CONVERSION = YES;
				CLANG_WARN_INT_CONVERSION = YES;
				CLANG_WARN_OBJC_ROOT_CLASS = YES_ERROR;
				CLANG_WARN_UNREACHABLE_CODE = YES;
				CLANG_WARN__DUPLICATE_METHOD_MATCH = YES;
				COPY_PHASE_STRIP = NO;
				DEBUG_INFORMATION_FORMAT = "dwarf-with-dsym";
				ENABLE_NS_ASSERTIONS = NO;
				ENABLE_STRICT_OBJC_MSGSEND = YES;
				GCC_C_LANGUAGE_STANDARD = gnu99;
				GCC_NO_COMMON_BLOCKS = YES;
				GCC_WARN_64_TO_32_BIT_CONVERSION = YES;
				GCC_WARN_ABOUT_RETURN_TYPE = YES_ERROR;
				GCC_WARN_UNDECLARED_SELECTOR = YES;
				GCC_WARN_UNINITIALIZED_AUTOS = YES_AGGRESSIVE;
				GCC_WARN_UNUSED_FUNCTION = YES;
				GCC_WARN_UNUSED_VARIABLE = YES;
				HEADER_SEARCH_PATHS = (
					"$(inherited)",
					/Applications/Xcode.app/Contents/Developer/Toolchains/XcodeDefault.xctoolchain/usr/include,
					"$(SRCROOT)/../../include",
				);
				MACOSX_DEPLOYMENT_TARGET = 10.10;
				MTL_ENABLE_DEBUG_INFO = NO;
				SDKROOT = macosx;
			};
			name = Release;
		};
		9B4B0D301B1AEBB0009F6DD2 /* Debug */ = {
			isa = XCBuildConfiguration;
			buildSettings = {
				LIBRARY_SEARCH_PATHS = "$(inherited)";
				PRODUCT_NAME = "$(TARGET_NAME)";
			};
			name = Debug;
		};
		9B4B0D311B1AEBB0009F6DD2 /* Release */ = {
			isa = XCBuildConfiguration;
			buildSettings = {
				LIBRARY_SEARCH_PATHS = "$(inherited)";
				PRODUCT_NAME = "$(TARGET_NAME)";
			};
			name = Release;
		};
/* End XCBuildConfiguration section */

/* Begin XCConfigurationList section */
		9B4B0D231B1AEBB0009F6DD2 /* Build configuration list for PBXProject "rapid-test" */ = {
			isa = XCConfigurationList;
			buildConfigurations = (
				9B4B0D2D1B1AEBB0009F6DD2 /* Debug */,
				9B4B0D2E1B1AEBB0009F6DD2 /* Release */,
			);
			defaultConfigurationIsVisible = 0;
			defaultConfigurationName = Release;
		};
		9B4B0D2F1B1AEBB0009F6DD2 /* Build configuration list for PBXNativeTarget "rapid-test" */ = {
			isa = XCConfigurationList;
			buildConfigurations = (
				9B4B0D301B1AEBB0009F6DD2 /* Debug */,
				9B4B0D311B1AEBB0009F6DD2 /* Release */,
			);
			defaultConfigurationIsVisible = 0;
			defaultConfigurationName = Release;
		};
/* End XCConfigurationList section */
	};
	rootObject = 9B4B0D201B1AEBB0009F6DD2 /* Project object */;
}
